
Microsoft Visual Studio Solution File, Format Version 12.00
# Visual Studio 2015
Project("{FAE04EC0-301F-11D3-BF4B-00C04F79EFBC}") = "SnowProject.Plugins", "SnowProject.Plugins.csproj", "{77FE1A36-9670-ED0F-4DD0-537020E99D9C}"
EndProject
Project("{FAE04EC0-301F-11D3-BF4B-00C04F79EFBC}") = "SnowProject", "SnowProject.csproj", "{B93BAC5A-F032-B508-E341-7488344F5A28}"
EndProject
Project("{FAE04EC0-301F-11D3-BF4B-00C04F79EFBC}") = "SnowProject.Editor.Plugins", "SnowProject.Editor.Plugins.csproj", "{FB7EEFC3-CB1A-D67F-2030-3EAD042A8B40}"
EndProject
Global
	GlobalSection(SolutionConfigurationPlatforms) = preSolution
		Debug|Any CPU = Debug|Any CPU
		Release|Any CPU = Release|Any CPU
	EndGlobalSection
	GlobalSection(ProjectConfigurationPlatforms) = postSolution
		{77FE1A36-9670-ED0F-4DD0-537020E99D9C}.Debug|Any CPU.ActiveCfg = Debug|Any CPU
		{77FE1A36-9670-ED0F-4DD0-537020E99D9C}.Debug|Any CPU.Build.0 = Debug|Any CPU
		{77FE1A36-9670-ED0F-4DD0-537020E99D9C}.Release|Any CPU.ActiveCfg = Release|Any CPU
		{77FE1A36-9670-ED0F-4DD0-537020E99D9C}.Release|Any CPU.Build.0 = Release|Any CPU
		{B93BAC5A-F032-B508-E341-7488344F5A28}.Debug|Any CPU.ActiveCfg = Debug|Any CPU
		{B93BAC5A-F032-B508-E341-7488344F5A28}.Debug|Any CPU.Build.0 = Debug|Any CPU
		{B93BAC5A-F032-B508-E341-7488344F5A28}.Release|Any CPU.ActiveCfg = Release|Any CPU
		{B93BAC5A-F032-B508-E341-7488344F5A28}.Release|Any CPU.Build.0 = Release|Any CPU
		{FB7EEFC3-CB1A-D67F-2030-3EAD042A8B40}.Debug|Any CPU.ActiveCfg = Debug|Any CPU
		{FB7EEFC3-CB1A-D67F-2030-3EAD042A8B40}.Debug|Any CPU.Build.0 = Debug|Any CPU
		{FB7EEFC3-CB1A-D67F-2030-3EAD042A8B40}.Release|Any CPU.ActiveCfg = Release|Any CPU
		{FB7EEFC3-CB1A-D67F-2030-3EAD042A8B40}.Release|Any CPU.Build.0 = Release|Any CPU
	EndGlobalSection
	GlobalSection(SolutionProperties) = preSolution
		HideSolutionNode = FALSE
	EndGlobalSection
EndGlobal
